// !$*UTF8*$!
{
	archiveVersion = 1;
	classes = {
	};
	objectVersion = 56;
	objects = {

/* Begin PBXBuildFile section */
		E713B5ED28DB877500161FEE /* ShareButtonIOSApp.swift in Sources */ = {isa = PBXBuildFile; fileRef = E713B5EC28DB877500161FEE /* ShareButtonIOSApp.swift */; };
		E713B5EF28DB877500161FEE /* ContentView.swift in Sources */ = {isa = PBXBuildFile; fileRef = E713B5EE28DB877500161FEE /* ContentView.swift */; };
		E713B5F128DB877600161FEE /* Assets.xcassets in Resources */ = {isa = PBXBuildFile; fileRef = E713B5F028DB877600161FEE /* Assets.xcassets */; };
		E713B5F428DB877600161FEE /* Preview Assets.xcassets in Resources */ = {isa = PBXBuildFile; fileRef = E713B5F328DB877600161FEE /* Preview Assets.xcassets */; };
		E713B5FE28DB877600161FEE /* ShareButtonIOSTests.swift in Sources */ = {isa = PBXBuildFile; fileRef = E713B5FD28DB877600161FEE /* ShareButtonIOSTests.swift */; };
		E713B60828DB877600161FEE /* ShareButtonIOSUITests.swift in Sources */ = {isa = PBXBuildFile; fileRef = E713B60728DB877600161FEE /* ShareButtonIOSUITests.swift */; };
		E713B60A28DB877600161FEE /* ShareButtonIOSUITestsLaunchTests.swift in Sources */ = {isa = PBXBuildFile; fileRef = E713B60928DB877600161FEE /* ShareButtonIOSUITestsLaunchTests.swift */; };
/* End PBXBuildFile section */

/* Begin PBXContainerItemProxy section */
		E713B5FA28DB877600161FEE /* PBXContainerItemProxy */ = {
			isa = PBXContainerItemProxy;
			containerPortal = E713B5E128DB877500161FEE /* Project object */;
			proxyType = 1;
			remoteGlobalIDString = E713B5E828DB877500161FEE;
			remoteInfo = ShareButtonIOS;
		};
		E713B60428DB877600161FEE /* PBXContainerItemProxy */ = {
			isa = PBXContainerItemProxy;
			containerPortal = E713B5E128DB877500161FEE /* Project object */;
			proxyType = 1;
			remoteGlobalIDString = E713B5E828DB877500161FEE;
			remoteInfo = ShareButtonIOS;
		};
/* End PBXContainerItemProxy section */

/* Begin PBXFileReference section */
		E713B5E928DB877500161FEE /* ShareButtonIOS.app */ = {isa = PBXFileReference; explicitFileType = wrapper.application; includeInIndex = 0; path = ShareButtonIOS.app; sourceTree = BUILT_PRODUCTS_DIR; };
		E713B5EC28DB877500161FEE /* ShareButtonIOSApp.swift */ = {isa = PBXFileReference; lastKnownFileType = sourcecode.swift; path = ShareButtonIOSApp.swift; sourceTree = "<group>"; };
		E713B5EE28DB877500161FEE /* ContentView.swift */ = {isa = PBXFileReference; lastKnownFileType = sourcecode.swift; path = ContentView.swift; sourceTree = "<group>"; };
		E713B5F028DB877600161FEE /* Assets.xcassets */ = {isa = PBXFileReference; lastKnownFileType = folder.assetcatalog; path = Assets.xcassets; sourceTree = "<group>"; };
		E713B5F328DB877600161FEE /* Preview Assets.xcassets */ = {isa = PBXFileReference; lastKnownFileType = folder.assetcatalog; path = "Preview Assets.xcassets"; sourceTree = "<group>"; };
		E713B5F928DB877600161FEE /* ShareButtonIOSTests.xctest */ = {isa = PBXFileReference; explicitFileType = wrapper.cfbundle; includeInIndex = 0; path = ShareButtonIOSTests.xctest; sourceTree = BUILT_PRODUCTS_DIR; };
		E713B5FD28DB877600161FEE /* ShareButtonIOSTests.swift */ = {isa = PBXFileReference; lastKnownFileType = sourcecode.swift; path = ShareButtonIOSTests.swift; sourceTree = "<group>"; };
		E713B60328DB877600161FEE /* ShareButtonIOSUITests.xctest */ = {isa = PBXFileReference; explicitFileType = wrapper.cfbundle; includeInIndex = 0; path = ShareButtonIOSUITests.xctest; sourceTree = BUILT_PRODUCTS_DIR; };
		E713B60728DB877600161FEE /* ShareButtonIOSUITests.swift */ = {isa = PBXFileReference; lastKnownFileType = sourcecode.swift; path = ShareButtonIOSUITests.swift; sourceTree = "<group>"; };
		E713B60928DB877600161FEE /* ShareButtonIOSUITestsLaunchTests.swift */ = {isa = PBXFileReference; lastKnownFileType = sourcecode.swift; path = ShareButtonIOSUITestsLaunchTests.swift; sourceTree = "<group>"; };
/* End PBXFileReference section */

/* Begin PBXFrameworksBuildPhase section */
		E713B5E628DB877500161FEE /* Frameworks */ = {
			isa = PBXFrameworksBuildPhase;
			buildActionMask = 2147483647;
			files = (
			);
			runOnlyForDeploymentPostprocessing = 0;
		};
		E713B5F628DB877600161FEE /* Frameworks */ = {
			isa = PBXFrameworksBuildPhase;
			buildActionMask = 2147483647;
			files = (
			);
			runOnlyForDeploymentPostprocessing = 0;
		};
		E713B60028DB877600161FEE /* Frameworks */ = {
			isa = PBXFrameworksBuildPhase;
			buildActionMask = 2147483647;
			files = (
			);
			runOnlyForDeploymentPostprocessing = 0;
		};
/* End PBXFrameworksBuildPhase section */

/* Begin PBXGroup section */
		E713B5E028DB877500161FEE = {
			isa = PBXGroup;
			children = (
				E713B5EB28DB877500161FEE /* ShareButtonIOS */,
				E713B5FC28DB877600161FEE /* ShareButtonIOSTests */,
				E713B60628DB877600161FEE /* ShareButtonIOSUITests */,
				E713B5EA28DB877500161FEE /* Products */,
			);
			sourceTree = "<group>";
		};
		E713B5EA28DB877500161FEE /* Products */ = {
			isa = PBXGroup;
			children = (
				E713B5E928DB877500161FEE /* ShareButtonIOS.app */,
				E713B5F928DB877600161FEE /* ShareButtonIOSTests.xctest */,
				E713B60328DB877600161FEE /* ShareButtonIOSUITests.xctest */,
			);
			name = Products;
			sourceTree = "<group>";
		};
		E713B5EB28DB877500161FEE /* ShareButtonIOS */ = {
			isa = PBXGroup;
			children = (
				E713B5EC28DB877500161FEE /* ShareButtonIOSApp.swift */,
				E713B5EE28DB877500161FEE /* ContentView.swift */,
				E713B5F028DB877600161FEE /* Assets.xcassets */,
				E713B5F228DB877600161FEE /* Preview Content */,
			);
			path = ShareButtonIOS;
			sourceTree = "<group>";
		};
		E713B5F228DB877600161FEE /* Preview Content */ = {
			isa = PBXGroup;
			children = (
				E713B5F328DB877600161FEE /* Preview Assets.xcassets */,
			);
			path = "Preview Content";
			sourceTree = "<group>";
		};
		E713B5FC28DB877600161FEE /* ShareButtonIOSTests */ = {
			isa = PBXGroup;
			children = (
				E713B5FD28DB877600161FEE /* ShareButtonIOSTests.swift */,
			);
			path = ShareButtonIOSTests;
			sourceTree = "<group>";
		};
		E713B60628DB877600161FEE /* ShareButtonIOSUITests */ = {
			isa = PBXGroup;
			children = (
				E713B60728DB877600161FEE /* ShareButtonIOSUITests.swift */,
				E713B60928DB877600161FEE /* ShareButtonIOSUITestsLaunchTests.swift */,
			);
			path = ShareButtonIOSUITests;
			sourceTree = "<group>";
		};
/* End PBXGroup section */

/* Begin PBXNativeTarget section */
		E713B5E828DB877500161FEE /* ShareButtonIOS */ = {
			isa = PBXNativeTarget;
			buildConfigurationList = E713B60D28DB877600161FEE /* Build configuration list for PBXNativeTarget "ShareButtonIOS" */;
			buildPhases = (
				E713B5E528DB877500161FEE /* Sources */,
				E713B5E628DB877500161FEE /* Frameworks */,
				E713B5E728DB877500161FEE /* Resources */,
			);
			buildRules = (
			);
			dependencies = (
			);
			name = ShareButtonIOS;
			productName = ShareButtonIOS;
			productReference = E713B5E928DB877500161FEE /* ShareButtonIOS.app */;
			productType = "com.apple.product-type.application";
		};
		E713B5F828DB877600161FEE /* ShareButtonIOSTests */ = {
			isa = PBXNativeTarget;
			buildConfigurationList = E713B61028DB877600161FEE /* Build configuration list for PBXNativeTarget "ShareButtonIOSTests" */;
			buildPhases = (
				E713B5F528DB877600161FEE /* Sources */,
				E713B5F628DB877600161FEE /* Frameworks */,
				E713B5F728DB877600161FEE /* Resources */,
			);
			buildRules = (
			);
			dependencies = (
				E713B5FB28DB877600161FEE /* PBXTargetDependency */,
			);
			name = ShareButtonIOSTests;
			productName = ShareButtonIOSTests;
			productReference = E713B5F928DB877600161FEE /* ShareButtonIOSTests.xctest */;
			productType = "com.apple.product-type.bundle.unit-test";
		};
		E713B60228DB877600161FEE /* ShareButtonIOSUITests */ = {
			isa = PBXNativeTarget;
			buildConfigurationList = E713B61328DB877600161FEE /* Build configuration list for PBXNativeTarget "ShareButtonIOSUITests" */;
			buildPhases = (
				E713B5FF28DB877600161FEE /* Sources */,
				E713B60028DB877600161FEE /* Frameworks */,
				E713B60128DB877600161FEE /* Resources */,
			);
			buildRules = (
			);
			dependencies = (
				E713B60528DB877600161FEE /* PBXTargetDependency */,
			);
			name = ShareButtonIOSUITests;
			productName = ShareButtonIOSUITests;
			productReference = E713B60328DB877600161FEE /* ShareButtonIOSUITests.xctest */;
			productType = "com.apple.product-type.bundle.ui-testing";
		};
/* End PBXNativeTarget section */

/* Begin PBXProject section */
		E713B5E128DB877500161FEE /* Project object */ = {
			isa = PBXProject;
			attributes = {
				BuildIndependentTargetsInParallel = 1;
				LastSwiftUpdateCheck = 1400;
				LastUpgradeCheck = 1400;
				TargetAttributes = {
					E713B5E828DB877500161FEE = {
						CreatedOnToolsVersion = 14.0;
					};
					E713B5F828DB877600161FEE = {
						CreatedOnToolsVersion = 14.0;
						TestTargetID = E713B5E828DB877500161FEE;
					};
					E713B60228DB877600161FEE = {
						CreatedOnToolsVersion = 14.0;
						TestTargetID = E713B5E828DB877500161FEE;
					};
				};
			};
			buildConfigurationList = E713B5E428DB877500161FEE /* Build configuration list for PBXProject "ShareButtonIOS" */;
			compatibilityVersion = "Xcode 14.0";
			developmentRegion = en;
			hasScannedForEncodings = 0;
			knownRegions = (
				en,
				Base,
			);
			mainGroup = E713B5E028DB877500161FEE;
			productRefGroup = E713B5EA28DB877500161FEE /* Products */;
			projectDirPath = "";
			projectRoot = "";
			targets = (
				E713B5E828DB877500161FEE /* ShareButtonIOS */,
				E713B5F828DB877600161FEE /* ShareButtonIOSTests */,
				E713B60228DB877600161FEE /* ShareButtonIOSUITests */,
			);
		};
/* End PBXProject section */

/* Begin PBXResourcesBuildPhase section */
		E713B5E728DB877500161FEE /* Resources */ = {
			isa = PBXResourcesBuildPhase;
			buildActionMask = 2147483647;
			files = (
				E713B5F428DB877600161FEE /* Preview Assets.xcassets in Resources */,
				E713B5F128DB877600161FEE /* Assets.xcassets in Resources */,
			);
			runOnlyForDeploymentPostprocessing = 0;
		};
		E713B5F728DB877600161FEE /* Resources */ = {
			isa = PBXResourcesBuildPhase;
			buildActionMask = 2147483647;
			files = (
			);
			runOnlyForDeploymentPostprocessing = 0;
		};
		E713B60128DB877600161FEE /* Resources */ = {
			isa = PBXResourcesBuildPhase;
			buildActionMask = 2147483647;
			files = (
			);
			runOnlyForDeploymentPostprocessing = 0;
		};
/* End PBXResourcesBuildPhase section */

/* Begin PBXSourcesBuildPhase section */
		E713B5E528DB877500161FEE /* Sources */ = {
			isa = PBXSourcesBuildPhase;
			buildActionMask = 2147483647;
			files = (
				E713B5EF28DB877500161FEE /* ContentView.swift in Sources */,
				E713B5ED28DB877500161FEE /* ShareButtonIOSApp.swift in Sources */,
			);
			runOnlyForDeploymentPostprocessing = 0;
		};
		E713B5F528DB877600161FEE /* Sources */ = {
			isa = PBXSourcesBuildPhase;
			buildActionMask = 2147483647;
			files = (
				E713B5FE28DB877600161FEE /* ShareButtonIOSTests.swift in Sources */,
			);
			runOnlyForDeploymentPostprocessing = 0;
		};
		E713B5FF28DB877600161FEE /* Sources */ = {
			isa = PBXSourcesBuildPhase;
			buildActionMask = 2147483647;
			files = (
				E713B60A28DB877600161FEE /* ShareButtonIOSUITestsLaunchTests.swift in Sources */,
				E713B60828DB877600161FEE /* ShareButtonIOSUITests.swift in Sources */,
			);
			runOnlyForDeploymentPostprocessing = 0;
		};
/* End PBXSourcesBuildPhase section */

/* Begin PBXTargetDependency section */
		E713B5FB28DB877600161FEE /* PBXTargetDependency */ = {
			isa = PBXTargetDependency;
			target = E713B5E828DB877500161FEE /* ShareButtonIOS */;
			targetProxy = E713B5FA28DB877600161FEE /* PBXContainerItemProxy */;
		};
		E713B60528DB877600161FEE /* PBXTargetDependency */ = {
			isa = PBXTargetDependency;
			target = E713B5E828DB877500161FEE /* ShareButtonIOS */;
			targetProxy = E713B60428DB877600161FEE /* PBXContainerItemProxy */;
		};
/* End PBXTargetDependency section */

/* Begin XCBuildConfiguration section */
		E713B60B28DB877600161FEE /* Debug */ = {
			isa = XCBuildConfiguration;
			buildSettings = {
				ALWAYS_SEARCH_USER_PATHS = NO;
				CLANG_ANALYZER_NONNULL = YES;
				CLANG_ANALYZER_NUMBER_OBJECT_CONVERSION = YES_AGGRESSIVE;
				CLANG_CXX_LANGUAGE_STANDARD = "gnu++20";
				CLANG_ENABLE_MODULES = YES;
				CLANG_ENABLE_OBJC_ARC = YES;
				CLANG_ENABLE_OBJC_WEAK = YES;
				CLANG_WARN_BLOCK_CAPTURE_AUTORELEASING = YES;
				CLANG_WARN_BOOL_CONVERSION = YES;
				CLANG_WARN_COMMA = YES;
				CLANG_WARN_CONSTANT_CONVERSION = YES;
				CLANG_WARN_DEPRECATED_OBJC_IMPLEMENTATIONS = YES;
				CLANG_WARN_DIRECT_OBJC_ISA_USAGE = YES_ERROR;
				CLANG_WARN_DOCUMENTATION_COMMENTS = YES;
				CLANG_WARN_EMPTY_BODY = YES;
				CLANG_WARN_ENUM_CONVERSION = YES;
				CLANG_WARN_INFINITE_RECURSION = YES;
				CLANG_WARN_INT_CONVERSION = YES;
				CLANG_WARN_NON_LITERAL_NULL_CONVERSION = YES;
				CLANG_WARN_OBJC_IMPLICIT_RETAIN_SELF = YES;
				CLANG_WARN_OBJC_LITERAL_CONVERSION = YES;
				CLANG_WARN_OBJC_ROOT_CLASS = YES_ERROR;
				CLANG_WARN_QUOTED_INCLUDE_IN_FRAMEWORK_HEADER = YES;
				CLANG_WARN_RANGE_LOOP_ANALYSIS = YES;
				CLANG_WARN_STRICT_PROTOTYPES = YES;
				CLANG_WARN_SUSPICIOUS_MOVE = YES;
				CLANG_WARN_UNGUARDED_AVAILABILITY = YES_AGGRESSIVE;
				CLANG_WARN_UNREACHABLE_CODE = YES;
				CLANG_WARN__DUPLICATE_METHOD_MATCH = YES;
				COPY_PHASE_STRIP = NO;
				DEBUG_INFORMATION_FORMAT = dwarf;
				ENABLE_STRICT_OBJC_MSGSEND = YES;
				ENABLE_TESTABILITY = YES;
				GCC_C_LANGUAGE_STANDARD = gnu11;
				GCC_DYNAMIC_NO_PIC = NO;
				GCC_NO_COMMON_BLOCKS = YES;
				GCC_OPTIMIZATION_LEVEL = 0;
				GCC_PREPROCESSOR_DEFINITIONS = (
					"DEBUG=1",
					"$(inherited)",
				);
				GCC_WARN_64_TO_32_BIT_CONVERSION = YES;
				GCC_WARN_ABOUT_RETURN_TYPE = YES_ERROR;
				GCC_WARN_UNDECLARED_SELECTOR = YES;
				GCC_WARN_UNINITIALIZED_AUTOS = YES_AGGRESSIVE;
				GCC_WARN_UNUSED_FUNCTION = YES;
				GCC_WARN_UNUSED_VARIABLE = YES;
				IPHONEOS_DEPLOYMENT_TARGET = 16.0;
				MTL_ENABLE_DEBUG_INFO = INCLUDE_SOURCE;
				MTL_FAST_MATH = YES;
				ONLY_ACTIVE_ARCH = YES;
				SDKROOT = iphoneos;
				SWIFT_ACTIVE_COMPILATION_CONDITIONS = DEBUG;
				SWIFT_OPTIMIZATION_LEVEL = "-Onone";
			};
			name = Debug;
		};
		E713B60C28DB877600161FEE /* Release */ = {
			isa = XCBuildConfiguration;
			buildSettings = {
				ALWAYS_SEARCH_USER_PATHS = NO;
				CLANG_ANALYZER_NONNULL = YES;
				CLANG_ANALYZER_NUMBER_OBJECT_CONVERSION = YES_AGGRESSIVE;
				CLANG_CXX_LANGUAGE_STANDARD = "gnu++20";
				CLANG_ENABLE_MODULES = YES;
				CLANG_ENABLE_OBJC_ARC = YES;
				CLANG_ENABLE_OBJC_WEAK = YES;
				CLANG_WARN_BLOCK_CAPTURE_AUTORELEASING = YES;
				CLANG_WARN_BOOL_CONVERSION = YES;
				CLANG_WARN_COMMA = YES;
				CLANG_WARN_CONSTANT_CONVERSION = YES;
				CLANG_WARN_DEPRECATED_OBJC_IMPLEMENTATIONS = YES;
				CLANG_WARN_DIRECT_OBJC_ISA_USAGE = YES_ERROR;
				CLANG_WARN_DOCUMENTATION_COMMENTS = YES;
				CLANG_WARN_EMPTY_BODY = YES;
				CLANG_WARN_ENUM_CONVERSION = YES;
				CLANG_WARN_INFINITE_RECURSION = YES;
				CLANG_WARN_INT_CONVERSION = YES;
				CLANG_WARN_NON_LITERAL_NULL_CONVERSION = YES;
				CLANG_WARN_OBJC_IMPLICIT_RETAIN_SELF = YES;
				CLANG_WARN_OBJC_LITERAL_CONVERSION = YES;
				CLANG_WARN_OBJC_ROOT_CLASS = YES_ERROR;
				CLANG_WARN_QUOTED_INCLUDE_IN_FRAMEWORK_HEADER = YES;
				CLANG_WARN_RANGE_LOOP_ANALYSIS = YES;
				CLANG_WARN_STRICT_PROTOTYPES = YES;
				CLANG_WARN_SUSPICIOUS_MOVE = YES;
				CLANG_WARN_UNGUARDED_AVAILABILITY = YES_AGGRESSIVE;
				CLANG_WARN_UNREACHABLE_CODE = YES;
				CLANG_WARN__DUPLICATE_METHOD_MATCH = YES;
				COPY_PHASE_STRIP = NO;
				DEBUG_INFORMATION_FORMAT = "dwarf-with-dsym";
				ENABLE_NS_ASSERTIONS = NO;
				ENABLE_STRICT_OBJC_MSGSEND = YES;
				GCC_C_LANGUAGE_STANDARD = gnu11;
				GCC_NO_COMMON_BLOCKS = YES;
				GCC_WARN_64_TO_32_BIT_CONVERSION = YES;
				GCC_WARN_ABOUT_RETURN_TYPE = YES_ERROR;
				GCC_WARN_UNDECLARED_SELECTOR = YES;
				GCC_WARN_UNINITIALIZED_AUTOS = YES_AGGRESSIVE;
				GCC_WARN_UNUSED_FUNCTION = YES;
				GCC_WARN_UNUSED_VARIABLE = YES;
				IPHONEOS_DEPLOYMENT_TARGET = 16.0;
				MTL_ENABLE_DEBUG_INFO = NO;
				MTL_FAST_MATH = YES;
				SDKROOT = iphoneos;
				SWIFT_COMPILATION_MODE = wholemodule;
				SWIFT_OPTIMIZATION_LEVEL = "-O";
				VALIDATE_PRODUCT = YES;
			};
			name = Release;
		};
		E713B60E28DB877600161FEE /* Debug */ = {
			isa = XCBuildConfiguration;
			buildSettings = {
				ASSETCATALOG_COMPILER_APPICON_NAME = AppIcon;
				ASSETCATALOG_COMPILER_GLOBAL_ACCENT_COLOR_NAME = AccentColor;
				CODE_SIGN_STYLE = Automatic;
				CURRENT_PROJECT_VERSION = 1;
				DEVELOPMENT_ASSET_PATHS = "\"ShareButtonIOS/Preview Content\"";
				ENABLE_PREVIEWS = YES;
				GENERATE_INFOPLIST_FILE = YES;
				INFOPLIST_KEY_UIApplicationSceneManifest_Generation = YES;
				INFOPLIST_KEY_UIApplicationSupportsIndirectInputEvents = YES;
				INFOPLIST_KEY_UILaunchScreen_Generation = YES;
				INFOPLIST_KEY_UISupportedInterfaceOrientations_iPad = "UIInterfaceOrientationPortrait UIInterfaceOrientationPortraitUpsideDown UIInterfaceOrientationLandscapeLeft UIInterfaceOrientationLandscapeRight";
				INFOPLIST_KEY_UISupportedInterfaceOrientations_iPhone = "UIInterfaceOrientationPortrait UIInterfaceOrientationLandscapeLeft UIInterfaceOrientationLandscapeRight";
				LD_RUNPATH_SEARCH_PATHS = (
					"$(inherited)",
					"@executable_path/Frameworks",
				);
				MARKETING_VERSION = 1.0;
				PRODUCT_BUNDLE_IDENTIFIER = idf.ShareButtonIOS;
				PRODUCT_NAME = "$(TARGET_NAME)";
				SWIFT_EMIT_LOC_STRINGS = YES;
				SWIFT_VERSION = 5.0;
				TARGETED_DEVICE_FAMILY = "1,2";
			};
			name = Debug;
		};
		E713B60F28DB877600161FEE /* Release */ = {
			isa = XCBuildConfiguration;
			buildSettings = {
				ASSETCATALOG_COMPILER_APPICON_NAME = AppIcon;
				ASSETCATALOG_COMPILER_GLOBAL_ACCENT_COLOR_NAME = AccentColor;
				CODE_SIGN_STYLE = Automatic;
				CURRENT_PROJECT_VERSION = 1;
				DEVELOPMENT_ASSET_PATHS = "\"ShareButtonIOS/Preview Content\"";
				ENABLE_PREVIEWS = YES;
				GENERATE_INFOPLIST_FILE = YES;
				INFOPLIST_KEY_UIApplicationSceneManifest_Generation = YES;
				INFOPLIST_KEY_UIApplicationSupportsIndirectInputEvents = YES;
				INFOPLIST_KEY_UILaunchScreen_Generation = YES;
				INFOPLIST_KEY_UISupportedInterfaceOrientations_iPad = "UIInterfaceOrientationPortrait UIInterfaceOrientationPortraitUpsideDown UIInterfaceOrientationLandscapeLeft UIInterfaceOrientationLandscapeRight";
				INFOPLIST_KEY_UISupportedInterfaceOrientations_iPhone = "UIInterfaceOrientationPortrait UIInterfaceOrientationLandscapeLeft UIInterfaceOrientationLandscapeRight";
				LD_RUNPATH_SEARCH_PATHS = (
					"$(inherited)",
					"@executable_path/Frameworks",
				);
				MARKETING_VERSION = 1.0;
				PRODUCT_BUNDLE_IDENTIFIER = idf.ShareButtonIOS;
				PRODUCT_NAME = "$(TARGET_NAME)";
				SWIFT_EMIT_LOC_STRINGS = YES;
				SWIFT_VERSION = 5.0;
				TARGETED_DEVICE_FAMILY = "1,2";
			};
			name = Release;
		};
		E713B61128DB877600161FEE /* Debug */ = {
			isa = XCBuildConfiguration;
			buildSettings = {
				ALWAYS_EMBED_SWIFT_STANDARD_LIBRARIES = YES;
				BUNDLE_LOADER = "$(TEST_HOST)";
				CODE_SIGN_STYLE = Automatic;
				CURRENT_PROJECT_VERSION = 1;
				GENERATE_INFOPLIST_FILE = YES;
				IPHONEOS_DEPLOYMENT_TARGET = 16.0;
				MARKETING_VERSION = 1.0;
				PRODUCT_BUNDLE_IDENTIFIER = idf.ShareButtonIOSTests;
				PRODUCT_NAME = "$(TARGET_NAME)";
				SWIFT_EMIT_LOC_STRINGS = NO;
				SWIFT_VERSION = 5.0;
				TARGETED_DEVICE_FAMILY = "1,2";
				TEST_HOST = "$(BUILT_PRODUCTS_DIR)/ShareButtonIOS.app/$(BUNDLE_EXECUTABLE_FOLDER_PATH)/ShareButtonIOS";
			};
			name = Debug;
		};
		E713B61228DB877600161FEE /* Release */ = {
			isa = XCBuildConfiguration;
			buildSettings = {
				ALWAYS_EMBED_SWIFT_STANDARD_LIBRARIES = YES;
				BUNDLE_LOADER = "$(TEST_HOST)";
				CODE_SIGN_STYLE = Automatic;
				CURRENT_PROJECT_VERSION = 1;
				GENERATE_INFOPLIST_FILE = YES;
				IPHONEOS_DEPLOYMENT_TARGET = 16.0;
				MARKETING_VERSION = 1.0;
				PRODUCT_BUNDLE_IDENTIFIER = idf.ShareButtonIOSTests;
				PRODUCT_NAME = "$(TARGET_NAME)";
				SWIFT_EMIT_LOC_STRINGS = NO;
				SWIFT_VERSION = 5.0;
				TARGETED_DEVICE_FAMILY = "1,2";
				TEST_HOST = "$(BUILT_PRODUCTS_DIR)/ShareButtonIOS.app/$(BUNDLE_EXECUTABLE_FOLDER_PATH)/ShareButtonIOS";
			};
			name = Release;
		};
		E713B61428DB877600161FEE /* Debug */ = {
			isa = XCBuildConfiguration;
			buildSettings = {
				ALWAYS_EMBED_SWIFT_STANDARD_LIBRARIES = YES;
				CODE_SIGN_STYLE = Automatic;
				CURRENT_PROJECT_VERSION = 1;
				GENERATE_INFOPLIST_FILE = YES;
				MARKETING_VERSION = 1.0;
				PRODUCT_BUNDLE_IDENTIFIER = idf.ShareButtonIOSUITests;
				PRODUCT_NAME = "$(TARGET_NAME)";
				SWIFT_EMIT_LOC_STRINGS = NO;
				SWIFT_VERSION = 5.0;
				TARGETED_DEVICE_FAMILY = "1,2";
				TEST_TARGET_NAME = ShareButtonIOS;
			};
			name = Debug;
		};
		E713B61528DB877600161FEE /* Release */ = {
			isa = XCBuildConfiguration;
			buildSettings = {
				ALWAYS_EMBED_SWIFT_STANDARD_LIBRARIES = YES;
				CODE_SIGN_STYLE = Automatic;
				CURRENT_PROJECT_VERSION = 1;
				GENERATE_INFOPLIST_FILE = YES;
				MARKETING_VERSION = 1.0;
				PRODUCT_BUNDLE_IDENTIFIER = idf.ShareButtonIOSUITests;
				PRODUCT_NAME = "$(TARGET_NAME)";
				SWIFT_EMIT_LOC_STRINGS = NO;
				SWIFT_VERSION = 5.0;
				TARGETED_DEVICE_FAMILY = "1,2";
				TEST_TARGET_NAME = ShareButtonIOS;
			};
			name = Release;
		};
/* End XCBuildConfiguration section */

/* Begin XCConfigurationList section */
		E713B5E428DB877500161FEE /* Build configuration list for PBXProject "ShareButtonIOS" */ = {
			isa = XCConfigurationList;
			buildConfigurations = (
				E713B60B28DB877600161FEE /* Debug */,
				E713B60C28DB877600161FEE /* Release */,
			);
			defaultConfigurationIsVisible = 0;
			defaultConfigurationName = Release;
		};
		E713B60D28DB877600161FEE /* Build configuration list for PBXNativeTarget "ShareButtonIOS" */ = {
			isa = XCConfigurationList;
			buildConfigurations = (
				E713B60E28DB877600161FEE /* Debug */,
				E713B60F28DB877600161FEE /* Release */,
			);
			defaultConfigurationIsVisible = 0;
			defaultConfigurationName = Release;
		};
		E713B61028DB877600161FEE /* Build configuration list for PBXNativeTarget "ShareButtonIOSTests" */ = {
			isa = XCConfigurationList;
			buildConfigurations = (
				E713B61128DB877600161FEE /* Debug */,
				E713B61228DB877600161FEE /* Release */,
			);
			defaultConfigurationIsVisible = 0;
			defaultConfigurationName = Release;
		};
		E713B61328DB877600161FEE /* Build configuration list for PBXNativeTarget "ShareButtonIOSUITests" */ = {
			isa = XCConfigurationList;
			buildConfigurations = (
				E713B61428DB877600161FEE /* Debug */,
				E713B61528DB877600161FEE /* Release */,
			);
			defaultConfigurationIsVisible = 0;
			defaultConfigurationName = Release;
		};
/* End XCConfigurationList section */
	};
	rootObject = E713B5E128DB877500161FEE /* Project object */;
}
